// !$*UTF8*$!
{
	archiveVersion = 1;
	classes = {
	};
	objectVersion = 56;
	objects = {

/* Begin PBXBuildFile section */
		BECB1A292B1BB31C005332AE /* PaymentAppApp.swift in Sources */ = {isa = PBXBuildFile; fileRef = BECB1A282B1BB31C005332AE /* PaymentAppApp.swift */; };
		BECB1A2B2B1BB31C005332AE /* ContentView.swift in Sources */ = {isa = PBXBuildFile; fileRef = BECB1A2A2B1BB31C005332AE /* ContentView.swift */; };
		BECB1A2D2B1BB31E005332AE /* Assets.xcassets in Resources */ = {isa = PBXBuildFile; fileRef = BECB1A2C2B1BB31E005332AE /* Assets.xcassets */; };
		BECB1A302B1BB31E005332AE /* Preview Assets.xcassets in Resources */ = {isa = PBXBuildFile; fileRef = BECB1A2F2B1BB31E005332AE /* Preview Assets.xcassets */; };
		BECB1A3A2B1BB31E005332AE /* PaymentAppTests.swift in Sources */ = {isa = PBXBuildFile; fileRef = BECB1A392B1BB31E005332AE /* PaymentAppTests.swift */; };
		BECB1A442B1BB31E005332AE /* PaymentAppUITests.swift in Sources */ = {isa = PBXBuildFile; fileRef = BECB1A432B1BB31E005332AE /* PaymentAppUITests.swift */; };
		BECB1A462B1BB31E005332AE /* PaymentAppUITestsLaunchTests.swift in Sources */ = {isa = PBXBuildFile; fileRef = BECB1A452B1BB31E005332AE /* PaymentAppUITestsLaunchTests.swift */; };
		BECB1A542B1BB398005332AE /* CreditCard.swift in Sources */ = {isa = PBXBuildFile; fileRef = BECB1A532B1BB398005332AE /* CreditCard.swift */; };
		BECB1A572B1BB421005332AE /* CreditCardType.swift in Sources */ = {isa = PBXBuildFile; fileRef = BECB1A562B1BB421005332AE /* CreditCardType.swift */; };
		BEF25C3F2B1BB8C2000C15B2 /* SwiftUIFontIcon in Frameworks */ = {isa = PBXBuildFile; productRef = BEF25C3E2B1BB8C2000C15B2 /* SwiftUIFontIcon */; };
/* End PBXBuildFile section */

/* Begin PBXContainerItemProxy section */
		BECB1A362B1BB31E005332AE /* PBXContainerItemProxy */ = {
			isa = PBXContainerItemProxy;
			containerPortal = BECB1A1D2B1BB31C005332AE /* Project object */;
			proxyType = 1;
			remoteGlobalIDString = BECB1A242B1BB31C005332AE;
			remoteInfo = PaymentApp;
		};
		BECB1A402B1BB31E005332AE /* PBXContainerItemProxy */ = {
			isa = PBXContainerItemProxy;
			containerPortal = BECB1A1D2B1BB31C005332AE /* Project object */;
			proxyType = 1;
			remoteGlobalIDString = BECB1A242B1BB31C005332AE;
			remoteInfo = PaymentApp;
		};
/* End PBXContainerItemProxy section */

/* Begin PBXFileReference section */
		BECB1A252B1BB31C005332AE /* PaymentApp.app */ = {isa = PBXFileReference; explicitFileType = wrapper.application; includeInIndex = 0; path = PaymentApp.app; sourceTree = BUILT_PRODUCTS_DIR; };
		BECB1A282B1BB31C005332AE /* PaymentAppApp.swift */ = {isa = PBXFileReference; lastKnownFileType = sourcecode.swift; path = PaymentAppApp.swift; sourceTree = "<group>"; };
		BECB1A2A2B1BB31C005332AE /* ContentView.swift */ = {isa = PBXFileReference; lastKnownFileType = sourcecode.swift; path = ContentView.swift; sourceTree = "<group>"; };
		BECB1A2C2B1BB31E005332AE /* Assets.xcassets */ = {isa = PBXFileReference; lastKnownFileType = folder.assetcatalog; path = Assets.xcassets; sourceTree = "<group>"; };
		BECB1A2F2B1BB31E005332AE /* Preview Assets.xcassets */ = {isa = PBXFileReference; lastKnownFileType = folder.assetcatalog; path = "Preview Assets.xcassets"; sourceTree = "<group>"; };
		BECB1A352B1BB31E005332AE /* PaymentAppTests.xctest */ = {isa = PBXFileReference; explicitFileType = wrapper.cfbundle; includeInIndex = 0; path = PaymentAppTests.xctest; sourceTree = BUILT_PRODUCTS_DIR; };
		BECB1A392B1BB31E005332AE /* PaymentAppTests.swift */ = {isa = PBXFileReference; lastKnownFileType = sourcecode.swift; path = PaymentAppTests.swift; sourceTree = "<group>"; };
		BECB1A3F2B1BB31E005332AE /* PaymentAppUITests.xctest */ = {isa = PBXFileReference; explicitFileType = wrapper.cfbundle; includeInIndex = 0; path = PaymentAppUITests.xctest; sourceTree = BUILT_PRODUCTS_DIR; };
		BECB1A432B1BB31E005332AE /* PaymentAppUITests.swift */ = {isa = PBXFileReference; lastKnownFileType = sourcecode.swift; path = PaymentAppUITests.swift; sourceTree = "<group>"; };
		BECB1A452B1BB31E005332AE /* PaymentAppUITestsLaunchTests.swift */ = {isa = PBXFileReference; lastKnownFileType = sourcecode.swift; path = PaymentAppUITestsLaunchTests.swift; sourceTree = "<group>"; };
		BECB1A532B1BB398005332AE /* CreditCard.swift */ = {isa = PBXFileReference; lastKnownFileType = sourcecode.swift; path = CreditCard.swift; sourceTree = "<group>"; };
		BECB1A562B1BB421005332AE /* CreditCardType.swift */ = {isa = PBXFileReference; lastKnownFileType = sourcecode.swift; path = CreditCardType.swift; sourceTree = "<group>"; };
/* End PBXFileReference section */

/* Begin PBXFrameworksBuildPhase section */
		BECB1A222B1BB31C005332AE /* Frameworks */ = {
			isa = PBXFrameworksBuildPhase;
			buildActionMask = 2147483647;
			files = (
				BEF25C3F2B1BB8C2000C15B2 /* SwiftUIFontIcon in Frameworks */,
			);
			runOnlyForDeploymentPostprocessing = 0;
		};
		BECB1A322B1BB31E005332AE /* Frameworks */ = {
			isa = PBXFrameworksBuildPhase;
			buildActionMask = 2147483647;
			files = (
			);
			runOnlyForDeploymentPostprocessing = 0;
		};
		BECB1A3C2B1BB31E005332AE /* Frameworks */ = {
			isa = PBXFrameworksBuildPhase;
			buildActionMask = 2147483647;
			files = (
			);
			runOnlyForDeploymentPostprocessing = 0;
		};
/* End PBXFrameworksBuildPhase section */

/* Begin PBXGroup section */
		BECB1A1C2B1BB31C005332AE = {
			isa = PBXGroup;
			children = (
				BECB1A272B1BB31C005332AE /* PaymentApp */,
				BECB1A382B1BB31E005332AE /* PaymentAppTests */,
				BECB1A422B1BB31E005332AE /* PaymentAppUITests */,
				BECB1A262B1BB31C005332AE /* Products */,
			);
			sourceTree = "<group>";
		};
		BECB1A262B1BB31C005332AE /* Products */ = {
			isa = PBXGroup;
			children = (
				BECB1A252B1BB31C005332AE /* PaymentApp.app */,
				BECB1A352B1BB31E005332AE /* PaymentAppTests.xctest */,
				BECB1A3F2B1BB31E005332AE /* PaymentAppUITests.xctest */,
			);
			name = Products;
			sourceTree = "<group>";
		};
		BECB1A272B1BB31C005332AE /* PaymentApp */ = {
			isa = PBXGroup;
			children = (
				BECB1A522B1BB38A005332AE /* Model */,
				BECB1A282B1BB31C005332AE /* PaymentAppApp.swift */,
				BECB1A2A2B1BB31C005332AE /* ContentView.swift */,
				BECB1A2C2B1BB31E005332AE /* Assets.xcassets */,
				BECB1A2E2B1BB31E005332AE /* Preview Content */,
			);
			path = PaymentApp;
			sourceTree = "<group>";
		};
		BECB1A2E2B1BB31E005332AE /* Preview Content */ = {
			isa = PBXGroup;
			children = (
				BECB1A2F2B1BB31E005332AE /* Preview Assets.xcassets */,
			);
			path = "Preview Content";
			sourceTree = "<group>";
		};
		BECB1A382B1BB31E005332AE /* PaymentAppTests */ = {
			isa = PBXGroup;
			children = (
				BECB1A392B1BB31E005332AE /* PaymentAppTests.swift */,
			);
			path = PaymentAppTests;
			sourceTree = "<group>";
		};
		BECB1A422B1BB31E005332AE /* PaymentAppUITests */ = {
			isa = PBXGroup;
			children = (
				BECB1A432B1BB31E005332AE /* PaymentAppUITests.swift */,
				BECB1A452B1BB31E005332AE /* PaymentAppUITestsLaunchTests.swift */,
			);
			path = PaymentAppUITests;
			sourceTree = "<group>";
		};
		BECB1A522B1BB38A005332AE /* Model */ = {
			isa = PBXGroup;
			children = (
				BECB1A552B1BB413005332AE /* Enum */,
				BECB1A532B1BB398005332AE /* CreditCard.swift */,
			);
			path = Model;
			sourceTree = "<group>";
		};
		BECB1A552B1BB413005332AE /* Enum */ = {
			isa = PBXGroup;
			children = (
				BECB1A562B1BB421005332AE /* CreditCardType.swift */,
			);
			path = Enum;
			sourceTree = "<group>";
		};
/* End PBXGroup section */

/* Begin PBXNativeTarget section */
		BECB1A242B1BB31C005332AE /* PaymentApp */ = {
			isa = PBXNativeTarget;
			buildConfigurationList = BECB1A492B1BB31E005332AE /* Build configuration list for PBXNativeTarget "PaymentApp" */;
			buildPhases = (
				BECB1A212B1BB31C005332AE /* Sources */,
				BECB1A222B1BB31C005332AE /* Frameworks */,
				BECB1A232B1BB31C005332AE /* Resources */,
			);
			buildRules = (
			);
			dependencies = (
			);
			name = PaymentApp;
			packageProductDependencies = (
				BEF25C3E2B1BB8C2000C15B2 /* SwiftUIFontIcon */,
			);
			productName = PaymentApp;
			productReference = BECB1A252B1BB31C005332AE /* PaymentApp.app */;
			productType = "com.apple.product-type.application";
		};
		BECB1A342B1BB31E005332AE /* PaymentAppTests */ = {
			isa = PBXNativeTarget;
			buildConfigurationList = BECB1A4C2B1BB31E005332AE /* Build configuration list for PBXNativeTarget "PaymentAppTests" */;
			buildPhases = (
				BECB1A312B1BB31E005332AE /* Sources */,
				BECB1A322B1BB31E005332AE /* Frameworks */,
				BECB1A332B1BB31E005332AE /* Resources */,
			);
			buildRules = (
			);
			dependencies = (
				BECB1A372B1BB31E005332AE /* PBXTargetDependency */,
			);
			name = PaymentAppTests;
			productName = PaymentAppTests;
			productReference = BECB1A352B1BB31E005332AE /* PaymentAppTests.xctest */;
			productType = "com.apple.product-type.bundle.unit-test";
		};
		BECB1A3E2B1BB31E005332AE /* PaymentAppUITests */ = {
			isa = PBXNativeTarget;
			buildConfigurationList = BECB1A4F2B1BB31E005332AE /* Build configuration list for PBXNativeTarget "PaymentAppUITests" */;
			buildPhases = (
				BECB1A3B2B1BB31E005332AE /* Sources */,
				BECB1A3C2B1BB31E005332AE /* Frameworks */,
				BECB1A3D2B1BB31E005332AE /* Resources */,
			);
			buildRules = (
			);
			dependencies = (
				BECB1A412B1BB31E005332AE /* PBXTargetDependency */,
			);
			name = PaymentAppUITests;
			productName = PaymentAppUITests;
			productReference = BECB1A3F2B1BB31E005332AE /* PaymentAppUITests.xctest */;
			productType = "com.apple.product-type.bundle.ui-testing";
		};
/* End PBXNativeTarget section */

/* Begin PBXProject section */
		BECB1A1D2B1BB31C005332AE /* Project object */ = {
			isa = PBXProject;
			attributes = {
				BuildIndependentTargetsInParallel = 1;
				LastSwiftUpdateCheck = 1500;
				LastUpgradeCheck = 1500;
				TargetAttributes = {
					BECB1A242B1BB31C005332AE = {
						CreatedOnToolsVersion = 15.0.1;
					};
					BECB1A342B1BB31E005332AE = {
						CreatedOnToolsVersion = 15.0.1;
						TestTargetID = BECB1A242B1BB31C005332AE;
					};
					BECB1A3E2B1BB31E005332AE = {
						CreatedOnToolsVersion = 15.0.1;
						TestTargetID = BECB1A242B1BB31C005332AE;
					};
				};
			};
			buildConfigurationList = BECB1A202B1BB31C005332AE /* Build configuration list for PBXProject "PaymentApp" */;
			compatibilityVersion = "Xcode 14.0";
			developmentRegion = en;
			hasScannedForEncodings = 0;
			knownRegions = (
				en,
				Base,
			);
			mainGroup = BECB1A1C2B1BB31C005332AE;
			packageReferences = (
				BEF25C3D2B1BB8C2000C15B2 /* XCRemoteSwiftPackageReference "SwiftUIFontIcon" */,
			);
			productRefGroup = BECB1A262B1BB31C005332AE /* Products */;
			projectDirPath = "";
			projectRoot = "";
			targets = (
				BECB1A242B1BB31C005332AE /* PaymentApp */,
				BECB1A342B1BB31E005332AE /* PaymentAppTests */,
				BECB1A3E2B1BB31E005332AE /* PaymentAppUITests */,
			);
		};
/* End PBXProject section */

/* Begin PBXResourcesBuildPhase section */
		BECB1A232B1BB31C005332AE /* Resources */ = {
			isa = PBXResourcesBuildPhase;
			buildActionMask = 2147483647;
			files = (
				BECB1A302B1BB31E005332AE /* Preview Assets.xcassets in Resources */,
				BECB1A2D2B1BB31E005332AE /* Assets.xcassets in Resources */,
			);
			runOnlyForDeploymentPostprocessing = 0;
		};
		BECB1A332B1BB31E005332AE /* Resources */ = {
			isa = PBXResourcesBuildPhase;
			buildActionMask = 2147483647;
			files = (
			);
			runOnlyForDeploymentPostprocessing = 0;
		};
		BECB1A3D2B1BB31E005332AE /* Resources */ = {
			isa = PBXResourcesBuildPhase;
			buildActionMask = 2147483647;
			files = (
			);
			runOnlyForDeploymentPostprocessing = 0;
		};
/* End PBXResourcesBuildPhase section */

/* Begin PBXSourcesBuildPhase section */
		BECB1A212B1BB31C005332AE /* Sources */ = {
			isa = PBXSourcesBuildPhase;
			buildActionMask = 2147483647;
			files = (
				BECB1A542B1BB398005332AE /* CreditCard.swift in Sources */,
				BECB1A2B2B1BB31C005332AE /* ContentView.swift in Sources */,
				BECB1A572B1BB421005332AE /* CreditCardType.swift in Sources */,
				BECB1A292B1BB31C005332AE /* PaymentAppApp.swift in Sources */,
			);
			runOnlyForDeploymentPostprocessing = 0;
		};
		BECB1A312B1BB31E005332AE /* Sources */ = {
			isa = PBXSourcesBuildPhase;
			buildActionMask = 2147483647;
			files = (
				BECB1A3A2B1BB31E005332AE /* PaymentAppTests.swift in Sources */,
			);
			runOnlyForDeploymentPostprocessing = 0;
		};
		BECB1A3B2B1BB31E005332AE /* Sources */ = {
			isa = PBXSourcesBuildPhase;
			buildActionMask = 2147483647;
			files = (
				BECB1A442B1BB31E005332AE /* PaymentAppUITests.swift in Sources */,
				BECB1A462B1BB31E005332AE /* PaymentAppUITestsLaunchTests.swift in Sources */,
			);
			runOnlyForDeploymentPostprocessing = 0;
		};
/* End PBXSourcesBuildPhase section */

/* Begin PBXTargetDependency section */
		BECB1A372B1BB31E005332AE /* PBXTargetDependency */ = {
			isa = PBXTargetDependency;
			target = BECB1A242B1BB31C005332AE /* PaymentApp */;
			targetProxy = BECB1A362B1BB31E005332AE /* PBXContainerItemProxy */;
		};
		BECB1A412B1BB31E005332AE /* PBXTargetDependency */ = {
			isa = PBXTargetDependency;
			target = BECB1A242B1BB31C005332AE /* PaymentApp */;
			targetProxy = BECB1A402B1BB31E005332AE /* PBXContainerItemProxy */;
		};
/* End PBXTargetDependency section */

/* Begin XCBuildConfiguration section */
		BECB1A472B1BB31E005332AE /* Debug */ = {
			isa = XCBuildConfiguration;
			buildSettings = {
				ALWAYS_SEARCH_USER_PATHS = NO;
				ASSETCATALOG_COMPILER_GENERATE_SWIFT_ASSET_SYMBOL_EXTENSIONS = YES;
				CLANG_ANALYZER_NONNULL = YES;
				CLANG_ANALYZER_NUMBER_OBJECT_CONVERSION = YES_AGGRESSIVE;
				CLANG_CXX_LANGUAGE_STANDARD = "gnu++20";
				CLANG_ENABLE_MODULES = YES;
				CLANG_ENABLE_OBJC_ARC = YES;
				CLANG_ENABLE_OBJC_WEAK = YES;
				CLANG_WARN_BLOCK_CAPTURE_AUTORELEASING = YES;
				CLANG_WARN_BOOL_CONVERSION = YES;
				CLANG_WARN_COMMA = YES;
				CLANG_WARN_CONSTANT_CONVERSION = YES;
				CLANG_WARN_DEPRECATED_OBJC_IMPLEMENTATIONS = YES;
				CLANG_WARN_DIRECT_OBJC_ISA_USAGE = YES_ERROR;
				CLANG_WARN_DOCUMENTATION_COMMENTS = YES;
				CLANG_WARN_EMPTY_BODY = YES;
				CLANG_WARN_ENUM_CONVERSION = YES;
				CLANG_WARN_INFINITE_RECURSION = YES;
				CLANG_WARN_INT_CONVERSION = YES;
				CLANG_WARN_NON_LITERAL_NULL_CONVERSION = YES;
				CLANG_WARN_OBJC_IMPLICIT_RETAIN_SELF = YES;
				CLANG_WARN_OBJC_LITERAL_CONVERSION = YES;
				CLANG_WARN_OBJC_ROOT_CLASS = YES_ERROR;
				CLANG_WARN_QUOTED_INCLUDE_IN_FRAMEWORK_HEADER = YES;
				CLANG_WARN_RANGE_LOOP_ANALYSIS = YES;
				CLANG_WARN_STRICT_PROTOTYPES = YES;
				CLANG_WARN_SUSPICIOUS_MOVE = YES;
				CLANG_WARN_UNGUARDED_AVAILABILITY = YES_AGGRESSIVE;
				CLANG_WARN_UNREACHABLE_CODE = YES;
				CLANG_WARN__DUPLICATE_METHOD_MATCH = YES;
				COPY_PHASE_STRIP = NO;
				DEBUG_INFORMATION_FORMAT = dwarf;
				ENABLE_STRICT_OBJC_MSGSEND = YES;
				ENABLE_TESTABILITY = YES;
				ENABLE_USER_SCRIPT_SANDBOXING = YES;
				GCC_C_LANGUAGE_STANDARD = gnu17;
				GCC_DYNAMIC_NO_PIC = NO;
				GCC_NO_COMMON_BLOCKS = YES;
				GCC_OPTIMIZATION_LEVEL = 0;
				GCC_PREPROCESSOR_DEFINITIONS = (
					"DEBUG=1",
					"$(inherited)",
				);
				GCC_WARN_64_TO_32_BIT_CONVERSION = YES;
				GCC_WARN_ABOUT_RETURN_TYPE = YES_ERROR;
				GCC_WARN_UNDECLARED_SELECTOR = YES;
				GCC_WARN_UNINITIALIZED_AUTOS = YES_AGGRESSIVE;
				GCC_WARN_UNUSED_FUNCTION = YES;
				GCC_WARN_UNUSED_VARIABLE = YES;
				IPHONEOS_DEPLOYMENT_TARGET = 17.0;
				LOCALIZATION_PREFERS_STRING_CATALOGS = YES;
				MTL_ENABLE_DEBUG_INFO = INCLUDE_SOURCE;
				MTL_FAST_MATH = YES;
				ONLY_ACTIVE_ARCH = YES;
				SDKROOT = iphoneos;
				SWIFT_ACTIVE_COMPILATION_CONDITIONS = "DEBUG $(inherited)";
				SWIFT_OPTIMIZATION_LEVEL = "-Onone";
			};
			name = Debug;
		};
		BECB1A482B1BB31E005332AE /* Release */ = {
			isa = XCBuildConfiguration;
			buildSettings = {
				ALWAYS_SEARCH_USER_PATHS = NO;
				ASSETCATALOG_COMPILER_GENERATE_SWIFT_ASSET_SYMBOL_EXTENSIONS = YES;
				CLANG_ANALYZER_NONNULL = YES;
				CLANG_ANALYZER_NUMBER_OBJECT_CONVERSION = YES_AGGRESSIVE;
				CLANG_CXX_LANGUAGE_STANDARD = "gnu++20";
				CLANG_ENABLE_MODULES = YES;
				CLANG_ENABLE_OBJC_ARC = YES;
				CLANG_ENABLE_OBJC_WEAK = YES;
				CLANG_WARN_BLOCK_CAPTURE_AUTORELEASING = YES;
				CLANG_WARN_BOOL_CONVERSION = YES;
				CLANG_WARN_COMMA = YES;
				CLANG_WARN_CONSTANT_CONVERSION = YES;
				CLANG_WARN_DEPRECATED_OBJC_IMPLEMENTATIONS = YES;
				CLANG_WARN_DIRECT_OBJC_ISA_USAGE = YES_ERROR;
				CLANG_WARN_DOCUMENTATION_COMMENTS = YES;
				CLANG_WARN_EMPTY_BODY = YES;
				CLANG_WARN_ENUM_CONVERSION = YES;
				CLANG_WARN_INFINITE_RECURSION = YES;
				CLANG_WARN_INT_CONVERSION = YES;
				CLANG_WARN_NON_LITERAL_NULL_CONVERSION = YES;
				CLANG_WARN_OBJC_IMPLICIT_RETAIN_SELF = YES;
				CLANG_WARN_OBJC_LITERAL_CONVERSION = YES;
				CLANG_WARN_OBJC_ROOT_CLASS = YES_ERROR;
				CLANG_WARN_QUOTED_INCLUDE_IN_FRAMEWORK_HEADER = YES;
				CLANG_WARN_RANGE_LOOP_ANALYSIS = YES;
				CLANG_WARN_STRICT_PROTOTYPES = YES;
				CLANG_WARN_SUSPICIOUS_MOVE = YES;
				CLANG_WARN_UNGUARDED_AVAILABILITY = YES_AGGRESSIVE;
				CLANG_WARN_UNREACHABLE_CODE = YES;
				CLANG_WARN__DUPLICATE_METHOD_MATCH = YES;
				COPY_PHASE_STRIP = NO;
				DEBUG_INFORMATION_FORMAT = "dwarf-with-dsym";
				ENABLE_NS_ASSERTIONS = NO;
				ENABLE_STRICT_OBJC_MSGSEND = YES;
				ENABLE_USER_SCRIPT_SANDBOXING = YES;
				GCC_C_LANGUAGE_STANDARD = gnu17;
				GCC_NO_COMMON_BLOCKS = YES;
				GCC_WARN_64_TO_32_BIT_CONVERSION = YES;
				GCC_WARN_ABOUT_RETURN_TYPE = YES_ERROR;
				GCC_WARN_UNDECLARED_SELECTOR = YES;
				GCC_WARN_UNINITIALIZED_AUTOS = YES_AGGRESSIVE;
				GCC_WARN_UNUSED_FUNCTION = YES;
				GCC_WARN_UNUSED_VARIABLE = YES;
				IPHONEOS_DEPLOYMENT_TARGET = 17.0;
				LOCALIZATION_PREFERS_STRING_CATALOGS = YES;
				MTL_ENABLE_DEBUG_INFO = NO;
				MTL_FAST_MATH = YES;
				SDKROOT = iphoneos;
				SWIFT_COMPILATION_MODE = wholemodule;
				VALIDATE_PRODUCT = YES;
			};
			name = Release;
		};
		BECB1A4A2B1BB31E005332AE /* Debug */ = {
			isa = XCBuildConfiguration;
			buildSettings = {
				ASSETCATALOG_COMPILER_APPICON_NAME = AppIcon;
				ASSETCATALOG_COMPILER_GLOBAL_ACCENT_COLOR_NAME = AccentColor;
				CODE_SIGN_STYLE = Automatic;
				CURRENT_PROJECT_VERSION = 1;
				DEVELOPMENT_ASSET_PATHS = "\"PaymentApp/Preview Content\"";
				DEVELOPMENT_TEAM = D6LZWF2S6D;
				ENABLE_PREVIEWS = YES;
				GENERATE_INFOPLIST_FILE = YES;
				INFOPLIST_KEY_UIApplicationSceneManifest_Generation = YES;
				INFOPLIST_KEY_UIApplicationSupportsIndirectInputEvents = YES;
				INFOPLIST_KEY_UILaunchScreen_Generation = YES;
				INFOPLIST_KEY_UISupportedInterfaceOrientations_iPad = "UIInterfaceOrientationPortrait UIInterfaceOrientationPortraitUpsideDown UIInterfaceOrientationLandscapeLeft UIInterfaceOrientationLandscapeRight";
				INFOPLIST_KEY_UISupportedInterfaceOrientations_iPhone = "UIInterfaceOrientationPortrait UIInterfaceOrientationLandscapeLeft UIInterfaceOrientationLandscapeRight";
				LD_RUNPATH_SEARCH_PATHS = (
					"$(inherited)",
					"@executable_path/Frameworks",
				);
				MARKETING_VERSION = 1.0;
				PRODUCT_BUNDLE_IDENTIFIER = pouyasari.PaymentApp;
				PRODUCT_NAME = "$(TARGET_NAME)";
				SWIFT_EMIT_LOC_STRINGS = YES;
				SWIFT_VERSION = 5.0;
				TARGETED_DEVICE_FAMILY = "1,2";
			};
			name = Debug;
		};
		BECB1A4B2B1BB31E005332AE /* Release */ = {
			isa = XCBuildConfiguration;
			buildSettings = {
				ASSETCATALOG_COMPILER_APPICON_NAME = AppIcon;
				ASSETCATALOG_COMPILER_GLOBAL_ACCENT_COLOR_NAME = AccentColor;
				CODE_SIGN_STYLE = Automatic;
				CURRENT_PROJECT_VERSION = 1;
				DEVELOPMENT_ASSET_PATHS = "\"PaymentApp/Preview Content\"";
				DEVELOPMENT_TEAM = D6LZWF2S6D;
				ENABLE_PREVIEWS = YES;
				GENERATE_INFOPLIST_FILE = YES;
				INFOPLIST_KEY_UIApplicationSceneManifest_Generation = YES;
				INFOPLIST_KEY_UIApplicationSupportsIndirectInputEvents = YES;
				INFOPLIST_KEY_UILaunchScreen_Generation = YES;
				INFOPLIST_KEY_UISupportedInterfaceOrientations_iPad = "UIInterfaceOrientationPortrait UIInterfaceOrientationPortraitUpsideDown UIInterfaceOrientationLandscapeLeft UIInterfaceOrientationLandscapeRight";
				INFOPLIST_KEY_UISupportedInterfaceOrientations_iPhone = "UIInterfaceOrientationPortrait UIInterfaceOrientationLandscapeLeft UIInterfaceOrientationLandscapeRight";
				LD_RUNPATH_SEARCH_PATHS = (
					"$(inherited)",
					"@executable_path/Frameworks",
				);
				MARKETING_VERSION = 1.0;
				PRODUCT_BUNDLE_IDENTIFIER = pouyasari.PaymentApp;
				PRODUCT_NAME = "$(TARGET_NAME)";
				SWIFT_EMIT_LOC_STRINGS = YES;
				SWIFT_VERSION = 5.0;
				TARGETED_DEVICE_FAMILY = "1,2";
			};
			name = Release;
		};
		BECB1A4D2B1BB31E005332AE /* Debug */ = {
			isa = XCBuildConfiguration;
			buildSettings = {
				ALWAYS_EMBED_SWIFT_STANDARD_LIBRARIES = YES;
				BUNDLE_LOADER = "$(TEST_HOST)";
				CODE_SIGN_STYLE = Automatic;
				CURRENT_PROJECT_VERSION = 1;
				DEVELOPMENT_TEAM = D6LZWF2S6D;
				GENERATE_INFOPLIST_FILE = YES;
				IPHONEOS_DEPLOYMENT_TARGET = 17.0;
				MARKETING_VERSION = 1.0;
				PRODUCT_BUNDLE_IDENTIFIER = pouyasari.PaymentAppTests;
				PRODUCT_NAME = "$(TARGET_NAME)";
				SWIFT_EMIT_LOC_STRINGS = NO;
				SWIFT_VERSION = 5.0;
				TARGETED_DEVICE_FAMILY = "1,2";
				TEST_HOST = "$(BUILT_PRODUCTS_DIR)/PaymentApp.app/$(BUNDLE_EXECUTABLE_FOLDER_PATH)/PaymentApp";
			};
			name = Debug;
		};
		BECB1A4E2B1BB31E005332AE /* Release */ = {
			isa = XCBuildConfiguration;
			buildSettings = {
				ALWAYS_EMBED_SWIFT_STANDARD_LIBRARIES = YES;
				BUNDLE_LOADER = "$(TEST_HOST)";
				CODE_SIGN_STYLE = Automatic;
				CURRENT_PROJECT_VERSION = 1;
				DEVELOPMENT_TEAM = D6LZWF2S6D;
				GENERATE_INFOPLIST_FILE = YES;
				IPHONEOS_DEPLOYMENT_TARGET = 17.0;
				MARKETING_VERSION = 1.0;
				PRODUCT_BUNDLE_IDENTIFIER = pouyasari.PaymentAppTests;
				PRODUCT_NAME = "$(TARGET_NAME)";
				SWIFT_EMIT_LOC_STRINGS = NO;
				SWIFT_VERSION = 5.0;
				TARGETED_DEVICE_FAMILY = "1,2";
				TEST_HOST = "$(BUILT_PRODUCTS_DIR)/PaymentApp.app/$(BUNDLE_EXECUTABLE_FOLDER_PATH)/PaymentApp";
			};
			name = Release;
		};
		BECB1A502B1BB31E005332AE /* Debug */ = {
			isa = XCBuildConfiguration;
			buildSettings = {
				ALWAYS_EMBED_SWIFT_STANDARD_LIBRARIES = YES;
				CODE_SIGN_STYLE = Automatic;
				CURRENT_PROJECT_VERSION = 1;
				DEVELOPMENT_TEAM = D6LZWF2S6D;
				GENERATE_INFOPLIST_FILE = YES;
				MARKETING_VERSION = 1.0;
				PRODUCT_BUNDLE_IDENTIFIER = pouyasari.PaymentAppUITests;
				PRODUCT_NAME = "$(TARGET_NAME)";
				SWIFT_EMIT_LOC_STRINGS = NO;
				SWIFT_VERSION = 5.0;
				TARGETED_DEVICE_FAMILY = "1,2";
				TEST_TARGET_NAME = PaymentApp;
			};
			name = Debug;
		};
		BECB1A512B1BB31E005332AE /* Release */ = {
			isa = XCBuildConfiguration;
			buildSettings = {
				ALWAYS_EMBED_SWIFT_STANDARD_LIBRARIES = YES;
				CODE_SIGN_STYLE = Automatic;
				CURRENT_PROJECT_VERSION = 1;
				DEVELOPMENT_TEAM = D6LZWF2S6D;
				GENERATE_INFOPLIST_FILE = YES;
				MARKETING_VERSION = 1.0;
				PRODUCT_BUNDLE_IDENTIFIER = pouyasari.PaymentAppUITests;
				PRODUCT_NAME = "$(TARGET_NAME)";
				SWIFT_EMIT_LOC_STRINGS = NO;
				SWIFT_VERSION = 5.0;
				TARGETED_DEVICE_FAMILY = "1,2";
				TEST_TARGET_NAME = PaymentApp;
			};
			name = Release;
		};
/* End XCBuildConfiguration section */

/* Begin XCConfigurationList section */
		BECB1A202B1BB31C005332AE /* Build configuration list for PBXProject "PaymentApp" */ = {
			isa = XCConfigurationList;
			buildConfigurations = (
				BECB1A472B1BB31E005332AE /* Debug */,
				BECB1A482B1BB31E005332AE /* Release */,
			);
			defaultConfigurationIsVisible = 0;
			defaultConfigurationName = Release;
		};
		BECB1A492B1BB31E005332AE /* Build configuration list for PBXNativeTarget "PaymentApp" */ = {
			isa = XCConfigurationList;
			buildConfigurations = (
				BECB1A4A2B1BB31E005332AE /* Debug */,
				BECB1A4B2B1BB31E005332AE /* Release */,
			);
			defaultConfigurationIsVisible = 0;
			defaultConfigurationName = Release;
		};
		BECB1A4C2B1BB31E005332AE /* Build configuration list for PBXNativeTarget "PaymentAppTests" */ = {
			isa = XCConfigurationList;
			buildConfigurations = (
				BECB1A4D2B1BB31E005332AE /* Debug */,
				BECB1A4E2B1BB31E005332AE /* Release */,
			);
			defaultConfigurationIsVisible = 0;
			defaultConfigurationName = Release;
		};
		BECB1A4F2B1BB31E005332AE /* Build configuration list for PBXNativeTarget "PaymentAppUITests" */ = {
			isa = XCConfigurationList;
			buildConfigurations = (
				BECB1A502B1BB31E005332AE /* Debug */,
				BECB1A512B1BB31E005332AE /* Release */,
			);
			defaultConfigurationIsVisible = 0;
			defaultConfigurationName = Release;
		};
/* End XCConfigurationList section */

/* Begin XCRemoteSwiftPackageReference section */
		BEF25C3D2B1BB8C2000C15B2 /* XCRemoteSwiftPackageReference "SwiftUIFontIcon" */ = {
			isa = XCRemoteSwiftPackageReference;
			repositoryURL = "https://github.com/huybuidac/SwiftUIFontIcon";
			requirement = {
				kind = upToNextMajorVersion;
				minimumVersion = 2.1.0;
			};
		};
/* End XCRemoteSwiftPackageReference section */

/* Begin XCSwiftPackageProductDependency section */
		BEF25C3E2B1BB8C2000C15B2 /* SwiftUIFontIcon */ = {
			isa = XCSwiftPackageProductDependency;
			package = BEF25C3D2B1BB8C2000C15B2 /* XCRemoteSwiftPackageReference "SwiftUIFontIcon" */;
			productName = SwiftUIFontIcon;
		};
/* End XCSwiftPackageProductDependency section */
	};
	rootObject = BECB1A1D2B1BB31C005332AE /* Project object */;
}
